
Microsoft Visual Studio Solution File, Format Version 12.00
# Visual Studio Version 17
VisualStudioVersion = 17.7.34202.233
MinimumVisualStudioVersion = 10.0.40219.1
Project("{9A19103F-16F7-4668-BE54-9A1E7A4F7556}") = "LibIRD", "LibIRD\LibIRD.csproj", "{4A80C34B-D4C5-4536-BEAE-46218BC09980}"
EndProject
Project("{9A19103F-16F7-4668-BE54-9A1E7A4F7556}") = "BuildIRD", "BuildIRD\BuildIRD.csproj", "{A2FC2D93-1C3E-46E2-9D69-11F9DDA8CFC7}"
	ProjectSection(ProjectDependencies) = postProject
		{4A80C34B-D4C5-4536-BEAE-46218BC09980} = {4A80C34B-D4C5-4536-BEAE-46218BC09980}
	EndProjectSection
EndProject
Global
	GlobalSection(SolutionConfigurationPlatforms) = preSolution
		Debug|Any CPU = Debug|Any CPU
		Release|Any CPU = Release|Any CPU
	EndGlobalSection
	GlobalSection(ProjectConfigurationPlatforms) = postSolution
		{4A80C34B-D4C5-4536-BEAE-46218BC09980}.Debug|Any CPU.ActiveCfg = Debug|Any CPU
		{4A80C34B-D4C5-4536-BEAE-46218BC09980}.Debug|Any CPU.Build.0 = Debug|Any CPU
		{4A80C34B-D4C5-4536-BEAE-46218BC09980}.Release|Any CPU.ActiveCfg = Release|Any CPU
		{4A80C34B-D4C5-4536-BEAE-46218BC09980}.Release|Any CPU.Build.0 = Release|Any CPU
		{A2FC2D93-1C3E-46E2-9D69-11F9DDA8CFC7}.Debug|Any CPU.ActiveCfg = Debug|Any CPU
		{A2FC2D93-1C3E-46E2-9D69-11F9DDA8CFC7}.Debug|Any CPU.Build.0 = Debug|Any CPU
		{A2FC2D93-1C3E-46E2-9D69-11F9DDA8CFC7}.Release|Any CPU.ActiveCfg = Release|Any CPU
		{A2FC2D93-1C3E-46E2-9D69-11F9DDA8CFC7}.Release|Any CPU.Build.0 = Release|Any CPU
	EndGlobalSection
	GlobalSection(SolutionProperties) = preSolution
		HideSolutionNode = FALSE
	EndGlobalSection
	GlobalSection(ExtensibilityGlobals) = postSolution
		SolutionGuid = {56D1EC7C-8458-4654-947B-7EA1F5A09C3D}
	EndGlobalSection
EndGlobal
