
Microsoft Visual Studio Solution File, Format Version 12.00
# Visual Studio Version 17
VisualStudioVersion = 17.7.34202.233
MinimumVisualStudioVersion = 10.0.40219.1
Project("{9A19103F-16F7-4668-BE54-9A1E7A4F7556}") = "LibIRD", "LibIRD\LibIRD.csproj", "{4A80C34B-D4C5-4536-BEAE-46218BC09980}"
EndProject
Project("{9A19103F-16F7-4668-BE54-9A1E7A4F7556}") = "IRDKit", "IRDKit\IRDKit.csproj", "{9060E3AF-E4FB-436F-93A1-5C47389CB88E}"
EndProject
Project("{2150E333-8FDC-42A3-9474-1A3956D46DE8}") = "Solution Items", "Solution Items", "{A8BB1F9F-FC8E-471C-9647-6FFF91D63BA7}"
	ProjectSection(SolutionItems) = preProject
		.gitattributes = .gitattributes
		.gitignore = .gitignore
		LICENSE.txt = LICENSE.txt
		README.md = README.md
	EndProjectSection
EndProject
Project("{9A19103F-16F7-4668-BE54-9A1E7A4F7556}") = "DiscUtils.Core", "LibIRD\DiscUtils\Library\DiscUtils.Core\DiscUtils.Core.csproj", "{9E71F5CD-887D-4A61-8460-9F7E8F110B46}"
EndProject
Project("{9A19103F-16F7-4668-BE54-9A1E7A4F7556}") = "DiscUtils.Iso9660", "LibIRD\DiscUtils\Library\DiscUtils.Iso9660\DiscUtils.Iso9660.csproj", "{9E1EF05F-388B-42C6-A4E7-98BE20C7C8EC}"
EndProject
Project("{9A19103F-16F7-4668-BE54-9A1E7A4F7556}") = "DiscUtils.Streams", "LibIRD\DiscUtils\Library\DiscUtils.Streams\DiscUtils.Streams.csproj", "{E8D0B8B0-F165-4FA1-AC7B-194F5F48A5F9}"
EndProject
Global
	GlobalSection(SolutionConfigurationPlatforms) = preSolution
		Debug|Any CPU = Debug|Any CPU
		Release|Any CPU = Release|Any CPU
	EndGlobalSection
	GlobalSection(ProjectConfigurationPlatforms) = postSolution
		{4A80C34B-D4C5-4536-BEAE-46218BC09980}.Debug|Any CPU.ActiveCfg = Debug|Any CPU
		{4A80C34B-D4C5-4536-BEAE-46218BC09980}.Debug|Any CPU.Build.0 = Debug|Any CPU
		{4A80C34B-D4C5-4536-BEAE-46218BC09980}.Release|Any CPU.ActiveCfg = Release|Any CPU
		{4A80C34B-D4C5-4536-BEAE-46218BC09980}.Release|Any CPU.Build.0 = Release|Any CPU
		{9060E3AF-E4FB-436F-93A1-5C47389CB88E}.Debug|Any CPU.ActiveCfg = Debug|Any CPU
		{9060E3AF-E4FB-436F-93A1-5C47389CB88E}.Debug|Any CPU.Build.0 = Debug|Any CPU
		{9060E3AF-E4FB-436F-93A1-5C47389CB88E}.Release|Any CPU.ActiveCfg = Release|Any CPU
		{9060E3AF-E4FB-436F-93A1-5C47389CB88E}.Release|Any CPU.Build.0 = Release|Any CPU
		{9E71F5CD-887D-4A61-8460-9F7E8F110B46}.Debug|Any CPU.ActiveCfg = Debug|Any CPU
		{9E71F5CD-887D-4A61-8460-9F7E8F110B46}.Debug|Any CPU.Build.0 = Debug|Any CPU
		{9E71F5CD-887D-4A61-8460-9F7E8F110B46}.Release|Any CPU.ActiveCfg = Release|Any CPU
		{9E71F5CD-887D-4A61-8460-9F7E8F110B46}.Release|Any CPU.Build.0 = Release|Any CPU
		{9E1EF05F-388B-42C6-A4E7-98BE20C7C8EC}.Debug|Any CPU.ActiveCfg = Debug|Any CPU
		{9E1EF05F-388B-42C6-A4E7-98BE20C7C8EC}.Debug|Any CPU.Build.0 = Debug|Any CPU
		{9E1EF05F-388B-42C6-A4E7-98BE20C7C8EC}.Release|Any CPU.ActiveCfg = Release|Any CPU
		{9E1EF05F-388B-42C6-A4E7-98BE20C7C8EC}.Release|Any CPU.Build.0 = Release|Any CPU
		{E8D0B8B0-F165-4FA1-AC7B-194F5F48A5F9}.Debug|Any CPU.ActiveCfg = Debug|Any CPU
		{E8D0B8B0-F165-4FA1-AC7B-194F5F48A5F9}.Debug|Any CPU.Build.0 = Debug|Any CPU
		{E8D0B8B0-F165-4FA1-AC7B-194F5F48A5F9}.Release|Any CPU.ActiveCfg = Release|Any CPU
		{E8D0B8B0-F165-4FA1-AC7B-194F5F48A5F9}.Release|Any CPU.Build.0 = Release|Any CPU
	EndGlobalSection
	GlobalSection(SolutionProperties) = preSolution
		HideSolutionNode = FALSE
	EndGlobalSection
	GlobalSection(ExtensibilityGlobals) = postSolution
		SolutionGuid = {56D1EC7C-8458-4654-947B-7EA1F5A09C3D}
	EndGlobalSection
EndGlobal
